
Microsoft Visual Studio Solution File, Format Version 12.00
# Visual Studio 15
VisualStudioVersion = 15.0.26430.14
MinimumVisualStudioVersion = 10.0.40219.1
Project("{FAE04EC0-301F-11D3-BF4B-00C04F79EFBC}") = "DND", "DND\DND.csproj", "{13E98EB0-6C3C-472A-AE3F-5C9778BDBE7A}"
EndProject
Project("{FAE04EC0-301F-11D3-BF4B-00C04F79EFBC}") = "DND.Core", "DND.Core\DND.Core.csproj", "{1A68306E-4862-466E-A5D5-4DE33887AAE2}"
EndProject
Project("{FAE04EC0-301F-11D3-BF4B-00C04F79EFBC}") = "DND.EFPersistance", "DND.EFPersistance\DND.EFPersistance.csproj", "{BA2EC372-60E8-46E5-A1EF-CBCF2066F01C}"
EndProject
Project("{2150E333-8FDC-42A3-9474-1A3956D46DE8}") = "2. Presentation Layer", "2. Presentation Layer", "{D6355170-A1EE-4BD0-B97E-E4CF9673AF41}"
EndProject
Project("{2150E333-8FDC-42A3-9474-1A3956D46DE8}") = "4. Business Logic Layer", "4. Business Logic Layer", "{7597E96B-3663-4582-A011-657A30ADC8C3}"
EndProject
Project("{2150E333-8FDC-42A3-9474-1A3956D46DE8}") = "7. Data Access Layer", "7. Data Access Layer", "{1047ABE3-8224-4BFD-9349-709744645F14}"
EndProject
Project("{2150E333-8FDC-42A3-9474-1A3956D46DE8}") = "1. Other Layer", "1. Other Layer", "{E176B9C4-CB9F-4D3B-BBDC-66534FA9623C}"
EndProject
Project("{2150E333-8FDC-42A3-9474-1A3956D46DE8}") = "5. Unit of Work Layer", "5. Unit of Work Layer", "{83C599D9-F3BB-4FE7-A7EB-5274C79217A5}"
EndProject
Project("{FAE04EC0-301F-11D3-BF4B-00C04F79EFBC}") = "Solution.Base", "Solution.Base\Solution.Base.csproj", "{C7F28D81-8666-4DD4-A3C5-235E56C3F30B}"
EndProject
Project("{FAE04EC0-301F-11D3-BF4B-00C04F79EFBC}") = "DND.UnitOfWork", "DND.UnitOfWork\DND.UnitOfWork.csproj", "{27DE484D-7268-419A-90C8-80EC86980928}"
EndProject
Project("{FAE04EC0-301F-11D3-BF4B-00C04F79EFBC}") = "DND.Services", "DND.Services\DND.Services.csproj", "{7229C95E-02CE-4D4A-AFF0-6BAA601FE25A}"
EndProject
Project("{2150E333-8FDC-42A3-9474-1A3956D46DE8}") = "6. Repository Layer", "6. Repository Layer", "{C2B299C7-B343-41CF-9A82-5895C4D1738A}"
EndProject
Project("{FAE04EC0-301F-11D3-BF4B-00C04F79EFBC}") = "DND.Repository", "DND.Repository\DND.Repository.csproj", "{AEB6E199-9BB5-4EDC-B18A-85B04B8D9737}"
EndProject
Project("{FAE04EC0-301F-11D3-BF4B-00C04F79EFBC}") = "SkyscannerSearch", "SkyscannerSearch\SkyscannerSearch.csproj", "{C777CF5D-92C8-4D6E-B2FA-4694BCB31655}"
EndProject
Project("{FAE04EC0-301F-11D3-BF4B-00C04F79EFBC}") = "ConnectionTester", "ConnectionTester\ConnectionTester.csproj", "{9FB93272-D68D-4DB7-8B18-00DF5741A9DA}"
EndProject
Project("{2150E333-8FDC-42A3-9474-1A3956D46DE8}") = "8. Testing", "8. Testing", "{D23185E9-A41B-44AB-A48D-4E7AD779573A}"
EndProject
Project("{FAE04EC0-301F-11D3-BF4B-00C04F79EFBC}") = "DND.Tests", "DND.Tests\DND.Tests.csproj", "{3DCE226B-219F-4CE6-8588-D9E743FC4D2F}"
EndProject
Project("{FAE04EC0-301F-11D3-BF4B-00C04F79EFBC}") = "DND.IntegrationTests", "DND.IntegrationTests\DND.IntegrationTests.csproj", "{E622B1C0-2F55-4481-80DB-F1C8A76A2D3F}"
EndProject
Project("{FAE04EC0-301F-11D3-BF4B-00C04F79EFBC}") = "DND.MongoPersistance", "DND.MongoPersistance\DND.MongoPersistance.csproj", "{90B439C7-49F8-4490-A812-0A1DDE1BF4F0}"
EndProject
Global
	GlobalSection(SolutionConfigurationPlatforms) = preSolution
		Debug|Any CPU = Debug|Any CPU
		DebugNet40|Any CPU = DebugNet40|Any CPU
		Release|Any CPU = Release|Any CPU
		ReleaseNet40|Any CPU = ReleaseNet40|Any CPU
	EndGlobalSection
	GlobalSection(ProjectConfigurationPlatforms) = postSolution
		{13E98EB0-6C3C-472A-AE3F-5C9778BDBE7A}.Debug|Any CPU.ActiveCfg = Debug|Any CPU
		{13E98EB0-6C3C-472A-AE3F-5C9778BDBE7A}.Debug|Any CPU.Build.0 = Debug|Any CPU
		{13E98EB0-6C3C-472A-AE3F-5C9778BDBE7A}.DebugNet40|Any CPU.ActiveCfg = Debug|Any CPU
		{13E98EB0-6C3C-472A-AE3F-5C9778BDBE7A}.DebugNet40|Any CPU.Build.0 = Debug|Any CPU
		{13E98EB0-6C3C-472A-AE3F-5C9778BDBE7A}.Release|Any CPU.ActiveCfg = Release|Any CPU
		{13E98EB0-6C3C-472A-AE3F-5C9778BDBE7A}.Release|Any CPU.Build.0 = Release|Any CPU
		{13E98EB0-6C3C-472A-AE3F-5C9778BDBE7A}.ReleaseNet40|Any CPU.ActiveCfg = Release|Any CPU
		{13E98EB0-6C3C-472A-AE3F-5C9778BDBE7A}.ReleaseNet40|Any CPU.Build.0 = Release|Any CPU
		{1A68306E-4862-466E-A5D5-4DE33887AAE2}.Debug|Any CPU.ActiveCfg = Debug|Any CPU
		{1A68306E-4862-466E-A5D5-4DE33887AAE2}.Debug|Any CPU.Build.0 = Debug|Any CPU
		{1A68306E-4862-466E-A5D5-4DE33887AAE2}.DebugNet40|Any CPU.ActiveCfg = Debug|Any CPU
		{1A68306E-4862-466E-A5D5-4DE33887AAE2}.DebugNet40|Any CPU.Build.0 = Debug|Any CPU
		{1A68306E-4862-466E-A5D5-4DE33887AAE2}.Release|Any CPU.ActiveCfg = Release|Any CPU
		{1A68306E-4862-466E-A5D5-4DE33887AAE2}.Release|Any CPU.Build.0 = Release|Any CPU
		{1A68306E-4862-466E-A5D5-4DE33887AAE2}.ReleaseNet40|Any CPU.ActiveCfg = Release|Any CPU
		{1A68306E-4862-466E-A5D5-4DE33887AAE2}.ReleaseNet40|Any CPU.Build.0 = Release|Any CPU
		{BA2EC372-60E8-46E5-A1EF-CBCF2066F01C}.Debug|Any CPU.ActiveCfg = Debug|Any CPU
		{BA2EC372-60E8-46E5-A1EF-CBCF2066F01C}.Debug|Any CPU.Build.0 = Debug|Any CPU
		{BA2EC372-60E8-46E5-A1EF-CBCF2066F01C}.DebugNet40|Any CPU.ActiveCfg = Debug|Any CPU
		{BA2EC372-60E8-46E5-A1EF-CBCF2066F01C}.DebugNet40|Any CPU.Build.0 = Debug|Any CPU
		{BA2EC372-60E8-46E5-A1EF-CBCF2066F01C}.Release|Any CPU.ActiveCfg = Release|Any CPU
		{BA2EC372-60E8-46E5-A1EF-CBCF2066F01C}.Release|Any CPU.Build.0 = Release|Any CPU
		{BA2EC372-60E8-46E5-A1EF-CBCF2066F01C}.ReleaseNet40|Any CPU.ActiveCfg = Release|Any CPU
		{BA2EC372-60E8-46E5-A1EF-CBCF2066F01C}.ReleaseNet40|Any CPU.Build.0 = Release|Any CPU
		{C7F28D81-8666-4DD4-A3C5-235E56C3F30B}.Debug|Any CPU.ActiveCfg = Debug|Any CPU
		{C7F28D81-8666-4DD4-A3C5-235E56C3F30B}.Debug|Any CPU.Build.0 = Debug|Any CPU
		{C7F28D81-8666-4DD4-A3C5-235E56C3F30B}.DebugNet40|Any CPU.ActiveCfg = Debug|Any CPU
		{C7F28D81-8666-4DD4-A3C5-235E56C3F30B}.DebugNet40|Any CPU.Build.0 = Debug|Any CPU
		{C7F28D81-8666-4DD4-A3C5-235E56C3F30B}.Release|Any CPU.ActiveCfg = Release|Any CPU
		{C7F28D81-8666-4DD4-A3C5-235E56C3F30B}.Release|Any CPU.Build.0 = Release|Any CPU
		{C7F28D81-8666-4DD4-A3C5-235E56C3F30B}.ReleaseNet40|Any CPU.ActiveCfg = Release|Any CPU
		{C7F28D81-8666-4DD4-A3C5-235E56C3F30B}.ReleaseNet40|Any CPU.Build.0 = Release|Any CPU
		{27DE484D-7268-419A-90C8-80EC86980928}.Debug|Any CPU.ActiveCfg = Debug|Any CPU
		{27DE484D-7268-419A-90C8-80EC86980928}.Debug|Any CPU.Build.0 = Debug|Any CPU
		{27DE484D-7268-419A-90C8-80EC86980928}.DebugNet40|Any CPU.ActiveCfg = Debug|Any CPU
		{27DE484D-7268-419A-90C8-80EC86980928}.DebugNet40|Any CPU.Build.0 = Debug|Any CPU
		{27DE484D-7268-419A-90C8-80EC86980928}.Release|Any CPU.ActiveCfg = Release|Any CPU
		{27DE484D-7268-419A-90C8-80EC86980928}.Release|Any CPU.Build.0 = Release|Any CPU
		{27DE484D-7268-419A-90C8-80EC86980928}.ReleaseNet40|Any CPU.ActiveCfg = Release|Any CPU
		{27DE484D-7268-419A-90C8-80EC86980928}.ReleaseNet40|Any CPU.Build.0 = Release|Any CPU
		{7229C95E-02CE-4D4A-AFF0-6BAA601FE25A}.Debug|Any CPU.ActiveCfg = Debug|Any CPU
		{7229C95E-02CE-4D4A-AFF0-6BAA601FE25A}.Debug|Any CPU.Build.0 = Debug|Any CPU
		{7229C95E-02CE-4D4A-AFF0-6BAA601FE25A}.DebugNet40|Any CPU.ActiveCfg = Debug|Any CPU
		{7229C95E-02CE-4D4A-AFF0-6BAA601FE25A}.DebugNet40|Any CPU.Build.0 = Debug|Any CPU
		{7229C95E-02CE-4D4A-AFF0-6BAA601FE25A}.Release|Any CPU.ActiveCfg = Release|Any CPU
		{7229C95E-02CE-4D4A-AFF0-6BAA601FE25A}.Release|Any CPU.Build.0 = Release|Any CPU
		{7229C95E-02CE-4D4A-AFF0-6BAA601FE25A}.ReleaseNet40|Any CPU.ActiveCfg = Release|Any CPU
		{7229C95E-02CE-4D4A-AFF0-6BAA601FE25A}.ReleaseNet40|Any CPU.Build.0 = Release|Any CPU
		{AEB6E199-9BB5-4EDC-B18A-85B04B8D9737}.Debug|Any CPU.ActiveCfg = Debug|Any CPU
		{AEB6E199-9BB5-4EDC-B18A-85B04B8D9737}.Debug|Any CPU.Build.0 = Debug|Any CPU
		{AEB6E199-9BB5-4EDC-B18A-85B04B8D9737}.DebugNet40|Any CPU.ActiveCfg = Debug|Any CPU
		{AEB6E199-9BB5-4EDC-B18A-85B04B8D9737}.DebugNet40|Any CPU.Build.0 = Debug|Any CPU
		{AEB6E199-9BB5-4EDC-B18A-85B04B8D9737}.Release|Any CPU.ActiveCfg = Release|Any CPU
		{AEB6E199-9BB5-4EDC-B18A-85B04B8D9737}.Release|Any CPU.Build.0 = Release|Any CPU
		{AEB6E199-9BB5-4EDC-B18A-85B04B8D9737}.ReleaseNet40|Any CPU.ActiveCfg = Release|Any CPU
		{AEB6E199-9BB5-4EDC-B18A-85B04B8D9737}.ReleaseNet40|Any CPU.Build.0 = Release|Any CPU
		{C777CF5D-92C8-4D6E-B2FA-4694BCB31655}.Debug|Any CPU.ActiveCfg = Debug|Any CPU
		{C777CF5D-92C8-4D6E-B2FA-4694BCB31655}.Debug|Any CPU.Build.0 = Debug|Any CPU
		{C777CF5D-92C8-4D6E-B2FA-4694BCB31655}.DebugNet40|Any CPU.ActiveCfg = Debug|Any CPU
		{C777CF5D-92C8-4D6E-B2FA-4694BCB31655}.DebugNet40|Any CPU.Build.0 = Debug|Any CPU
		{C777CF5D-92C8-4D6E-B2FA-4694BCB31655}.Release|Any CPU.ActiveCfg = Release|Any CPU
		{C777CF5D-92C8-4D6E-B2FA-4694BCB31655}.Release|Any CPU.Build.0 = Release|Any CPU
		{C777CF5D-92C8-4D6E-B2FA-4694BCB31655}.ReleaseNet40|Any CPU.ActiveCfg = Release|Any CPU
		{C777CF5D-92C8-4D6E-B2FA-4694BCB31655}.ReleaseNet40|Any CPU.Build.0 = Release|Any CPU
		{9FB93272-D68D-4DB7-8B18-00DF5741A9DA}.Debug|Any CPU.ActiveCfg = Debug|Any CPU
		{9FB93272-D68D-4DB7-8B18-00DF5741A9DA}.Debug|Any CPU.Build.0 = Debug|Any CPU
		{9FB93272-D68D-4DB7-8B18-00DF5741A9DA}.DebugNet40|Any CPU.ActiveCfg = Debug|Any CPU
		{9FB93272-D68D-4DB7-8B18-00DF5741A9DA}.DebugNet40|Any CPU.Build.0 = Debug|Any CPU
		{9FB93272-D68D-4DB7-8B18-00DF5741A9DA}.Release|Any CPU.ActiveCfg = Release|Any CPU
		{9FB93272-D68D-4DB7-8B18-00DF5741A9DA}.Release|Any CPU.Build.0 = Release|Any CPU
		{9FB93272-D68D-4DB7-8B18-00DF5741A9DA}.ReleaseNet40|Any CPU.ActiveCfg = Release|Any CPU
		{9FB93272-D68D-4DB7-8B18-00DF5741A9DA}.ReleaseNet40|Any CPU.Build.0 = Release|Any CPU
		{3DCE226B-219F-4CE6-8588-D9E743FC4D2F}.Debug|Any CPU.ActiveCfg = Debug|Any CPU
		{3DCE226B-219F-4CE6-8588-D9E743FC4D2F}.Debug|Any CPU.Build.0 = Debug|Any CPU
		{3DCE226B-219F-4CE6-8588-D9E743FC4D2F}.DebugNet40|Any CPU.ActiveCfg = Debug|Any CPU
		{3DCE226B-219F-4CE6-8588-D9E743FC4D2F}.DebugNet40|Any CPU.Build.0 = Debug|Any CPU
		{3DCE226B-219F-4CE6-8588-D9E743FC4D2F}.Release|Any CPU.ActiveCfg = Release|Any CPU
		{3DCE226B-219F-4CE6-8588-D9E743FC4D2F}.Release|Any CPU.Build.0 = Release|Any CPU
		{3DCE226B-219F-4CE6-8588-D9E743FC4D2F}.ReleaseNet40|Any CPU.ActiveCfg = Release|Any CPU
		{3DCE226B-219F-4CE6-8588-D9E743FC4D2F}.ReleaseNet40|Any CPU.Build.0 = Release|Any CPU
		{E622B1C0-2F55-4481-80DB-F1C8A76A2D3F}.Debug|Any CPU.ActiveCfg = Debug|Any CPU
		{E622B1C0-2F55-4481-80DB-F1C8A76A2D3F}.Debug|Any CPU.Build.0 = Debug|Any CPU
		{E622B1C0-2F55-4481-80DB-F1C8A76A2D3F}.DebugNet40|Any CPU.ActiveCfg = Debug|Any CPU
		{E622B1C0-2F55-4481-80DB-F1C8A76A2D3F}.DebugNet40|Any CPU.Build.0 = Debug|Any CPU
		{E622B1C0-2F55-4481-80DB-F1C8A76A2D3F}.Release|Any CPU.ActiveCfg = Release|Any CPU
		{E622B1C0-2F55-4481-80DB-F1C8A76A2D3F}.Release|Any CPU.Build.0 = Release|Any CPU
		{E622B1C0-2F55-4481-80DB-F1C8A76A2D3F}.ReleaseNet40|Any CPU.ActiveCfg = Release|Any CPU
		{E622B1C0-2F55-4481-80DB-F1C8A76A2D3F}.ReleaseNet40|Any CPU.Build.0 = Release|Any CPU
		{90B439C7-49F8-4490-A812-0A1DDE1BF4F0}.Debug|Any CPU.ActiveCfg = Debug|Any CPU
		{90B439C7-49F8-4490-A812-0A1DDE1BF4F0}.Debug|Any CPU.Build.0 = Debug|Any CPU
		{90B439C7-49F8-4490-A812-0A1DDE1BF4F0}.DebugNet40|Any CPU.ActiveCfg = Debug|Any CPU
		{90B439C7-49F8-4490-A812-0A1DDE1BF4F0}.DebugNet40|Any CPU.Build.0 = Debug|Any CPU
		{90B439C7-49F8-4490-A812-0A1DDE1BF4F0}.Release|Any CPU.ActiveCfg = Release|Any CPU
		{90B439C7-49F8-4490-A812-0A1DDE1BF4F0}.Release|Any CPU.Build.0 = Release|Any CPU
		{90B439C7-49F8-4490-A812-0A1DDE1BF4F0}.ReleaseNet40|Any CPU.ActiveCfg = Release|Any CPU
		{90B439C7-49F8-4490-A812-0A1DDE1BF4F0}.ReleaseNet40|Any CPU.Build.0 = Release|Any CPU
	EndGlobalSection
	GlobalSection(SolutionProperties) = preSolution
		HideSolutionNode = FALSE
	EndGlobalSection
	GlobalSection(NestedProjects) = preSolution
		{13E98EB0-6C3C-472A-AE3F-5C9778BDBE7A} = {D6355170-A1EE-4BD0-B97E-E4CF9673AF41}
		{1A68306E-4862-466E-A5D5-4DE33887AAE2} = {E176B9C4-CB9F-4D3B-BBDC-66534FA9623C}
		{BA2EC372-60E8-46E5-A1EF-CBCF2066F01C} = {1047ABE3-8224-4BFD-9349-709744645F14}
		{C7F28D81-8666-4DD4-A3C5-235E56C3F30B} = {E176B9C4-CB9F-4D3B-BBDC-66534FA9623C}
		{27DE484D-7268-419A-90C8-80EC86980928} = {83C599D9-F3BB-4FE7-A7EB-5274C79217A5}
		{7229C95E-02CE-4D4A-AFF0-6BAA601FE25A} = {7597E96B-3663-4582-A011-657A30ADC8C3}
		{AEB6E199-9BB5-4EDC-B18A-85B04B8D9737} = {C2B299C7-B343-41CF-9A82-5895C4D1738A}
		{C777CF5D-92C8-4D6E-B2FA-4694BCB31655} = {D6355170-A1EE-4BD0-B97E-E4CF9673AF41}
		{9FB93272-D68D-4DB7-8B18-00DF5741A9DA} = {D6355170-A1EE-4BD0-B97E-E4CF9673AF41}
		{3DCE226B-219F-4CE6-8588-D9E743FC4D2F} = {D23185E9-A41B-44AB-A48D-4E7AD779573A}
		{E622B1C0-2F55-4481-80DB-F1C8A76A2D3F} = {D23185E9-A41B-44AB-A48D-4E7AD779573A}
		{90B439C7-49F8-4490-A812-0A1DDE1BF4F0} = {1047ABE3-8224-4BFD-9349-709744645F14}
	EndGlobalSection
	GlobalSection(Performance) = preSolution
		HasPerformanceSessions = true
	EndGlobalSection
	GlobalSection(Performance) = preSolution
		HasPerformanceSessions = true
	EndGlobalSection
EndGlobal
